Microsoft Visual Studio Solution File, Format Version 12.00
# Visual Studio Version 17
VisualStudioVersion = 17.5.2.0
MinimumVisualStudioVersion = 10.0.40219.1
Project("{FAE04EC0-301F-11D3-BF4B-00C04F79EFBC}") = "FoodOrderingSystem", "FoodOrderingSystem\FoodOrderingSystem.csproj", "{0634CFB0-B72F-6015-725B-098251500F23}"
EndProject
Global
	GlobalSection(SolutionConfigurationPlatforms) = preSolution
		Debug|Any CPU = Debug|Any CPU
		Release|Any CPU = Release|Any CPU
	EndGlobalSection
	GlobalSection(ProjectConfigurationPlatforms) = postSolution
		{0634CFB0-B72F-6015-725B-098251500F23}.Debug|Any CPU.ActiveCfg = Debug|Any CPU
		{0634CFB0-B72F-6015-725B-098251500F23}.Debug|Any CPU.Build.0 = Debug|Any CPU
		{0634CFB0-B72F-6015-725B-098251500F23}.Release|Any CPU.ActiveCfg = Release|Any CPU
		{0634CFB0-B72F-6015-725B-098251500F23}.Release|Any CPU.Build.0 = Release|Any CPU
	EndGlobalSection
	GlobalSection(SolutionProperties) = preSolution
		HideSolutionNode = FALSE
	EndGlobalSection
	GlobalSection(ExtensibilityGlobals) = postSolution
		SolutionGuid = {5F7EC09D-6DFF-4A77-9706-1D99FFA1F65B}
	EndGlobalSection
EndGlobal
